
Microsoft Visual Studio Solution File, Format Version 12.00
# Visual Studio 2013
VisualStudioVersion = 12.0.21005.1
MinimumVisualStudioVersion = 10.0.40219.1
Project("{FAE04EC0-301F-11D3-BF4B-00C04F79EFBC}") = "MvcUserManagement", "MvcUserManagement\MvcUserManagement.csproj", "{CC184A51-1A74-4940-8C61-F49F04A97BCF}"
EndProject
Project("{FAE04EC0-301F-11D3-BF4B-00C04F79EFBC}") = "MvcUserManagement.data", "MvcUserManagement.data\MvcUserManagement.data.csproj", "{1E8055CC-D1D8-43F1-8BA5-6F470FE13577}"
EndProject
Project("{2150E333-8FDC-42A3-9474-1A3956D46DE8}") = ".build", ".build", "{9A03DF8F-9894-46E3-BC7F-810672B6DD15}"
	ProjectSection(SolutionItems) = preProject
		Build.proj = Build.proj
		.build\MSBuild.Community.Tasks.dll = .build\MSBuild.Community.Tasks.dll
		.build\MSBuild.Community.Tasks.targets = .build\MSBuild.Community.Tasks.targets
	EndProjectSection
EndProject
Project("{2150E333-8FDC-42A3-9474-1A3956D46DE8}") = ".nuget", ".nuget", "{D71FC831-C0BC-4A02-9C47-AA362DBA880C}"
	ProjectSection(SolutionItems) = preProject
		.nuget\NuGet.Config = .nuget\NuGet.Config
		.nuget\NuGet.exe = .nuget\NuGet.exe
		.nuget\NuGet.targets = .nuget\NuGet.targets
	EndProjectSection
EndProject
Global
	GlobalSection(SolutionConfigurationPlatforms) = preSolution
		Debug|Any CPU = Debug|Any CPU
		Release|Any CPU = Release|Any CPU
	EndGlobalSection
	GlobalSection(ProjectConfigurationPlatforms) = postSolution
		{CC184A51-1A74-4940-8C61-F49F04A97BCF}.Debug|Any CPU.ActiveCfg = Debug|Any CPU
		{CC184A51-1A74-4940-8C61-F49F04A97BCF}.Debug|Any CPU.Build.0 = Debug|Any CPU
		{CC184A51-1A74-4940-8C61-F49F04A97BCF}.Release|Any CPU.ActiveCfg = Release|Any CPU
		{CC184A51-1A74-4940-8C61-F49F04A97BCF}.Release|Any CPU.Build.0 = Release|Any CPU
		{1E8055CC-D1D8-43F1-8BA5-6F470FE13577}.Debug|Any CPU.ActiveCfg = Debug|Any CPU
		{1E8055CC-D1D8-43F1-8BA5-6F470FE13577}.Debug|Any CPU.Build.0 = Debug|Any CPU
		{1E8055CC-D1D8-43F1-8BA5-6F470FE13577}.Release|Any CPU.ActiveCfg = Release|Any CPU
		{1E8055CC-D1D8-43F1-8BA5-6F470FE13577}.Release|Any CPU.Build.0 = Release|Any CPU
	EndGlobalSection
	GlobalSection(SolutionProperties) = preSolution
		HideSolutionNode = FALSE
	EndGlobalSection
EndGlobal
